{
  "name": "modern-flush",
  "version": "1.0.0",
  "lockfileVersion": 2,
  "requires": true,
  "packages": {
    "": {
      "name": "modern-flush",
      "version": "1.0.0",
      "license": "ISC",
      "dependencies": {
        "@planetscale/database": "^1.7.0"
      },
      "devDependencies": {}
    },
    "node_modules/@planetscale/database": {
      "version": "1.7.0",
      "resolved": "https://registry.npmjs.org/@planetscale/database/-/database-1.7.0.tgz",
      "integrity": "sha512-lWR6biXChUyQnxsT4RT1CIeR3ZJvwTQXiQ+158MnY3VjLwjHEGakDzdH9kwUGPk6CHvu6UeqRXp1DgUOVHJFTw==",
      "engines": {
        "node": ">=16"
      }
    }
  },
  "dependencies": {
    "@planetscale/database": {
      "version": "1.7.0",
      "resolved": "https://registry.npmjs.org/@planetscale/database/-/database-1.7.0.tgz",
      "integrity": "sha512-lWR6biXChUyQnxsT4RT1CIeR3ZJvwTQXiQ+158MnY3VjLwjHEGakDzdH9kwUGPk6CHvu6UeqRXp1DgUOVHJFTw=="
    }
  }
}
